
Microsoft Visual Studio Solution File, Format Version 12.00
# Visual Studio Version 17
VisualStudioVersion = 17.7.34031.279
MinimumVisualStudioVersion = 10.0.40219.1
Project("{FAE04EC0-301F-11D3-BF4B-00C04F79EFBC}") = "WebAPI6", "WebAPI6\WebAPI6.csproj", "{C19F2C26-707D-4C50-8BB3-07EC76715FAC}"
EndProject
Global
	GlobalSection(SolutionConfigurationPlatforms) = preSolution
		Debug|Any CPU = Debug|Any CPU
		Release|Any CPU = Release|Any CPU
	EndGlobalSection
	GlobalSection(ProjectConfigurationPlatforms) = postSolution
		{C19F2C26-707D-4C50-8BB3-07EC76715FAC}.Debug|Any CPU.ActiveCfg = Debug|Any CPU
		{C19F2C26-707D-4C50-8BB3-07EC76715FAC}.Debug|Any CPU.Build.0 = Debug|Any CPU
		{C19F2C26-707D-4C50-8BB3-07EC76715FAC}.Release|Any CPU.ActiveCfg = Release|Any CPU
		{C19F2C26-707D-4C50-8BB3-07EC76715FAC}.Release|Any CPU.Build.0 = Release|Any CPU
	EndGlobalSection
	GlobalSection(SolutionProperties) = preSolution
		HideSolutionNode = FALSE
	EndGlobalSection
	GlobalSection(ExtensibilityGlobals) = postSolution
		SolutionGuid = {EFF5D123-45A7-43E5-9F3F-57DC9F695FC1}
	EndGlobalSection
EndGlobal
